
Microsoft Visual Studio Solution File, Format Version 12.00
# Visual Studio Version 17
VisualStudioVersion = 17.8.34330.188
MinimumVisualStudioVersion = 10.0.40219.1
Project("{FAE04EC0-301F-11D3-BF4B-00C04F79EFBC}") = "Hackathon-MV.Server", "Hackathon-MV.Server\Hackathon-MV.Server.csproj", "{5618CAE0-DDC1-42F8-A6D7-8DF2AF4D8412}"
EndProject
Project("{54A90642-561A-4BB1-A94E-469ADEE60C69}") = "hackathon-mv.client", "hackathon-mv.client\hackathon-mv.client.esproj", "{97508711-5854-4DF7-BACF-CD4FAE938992}"
EndProject
Global
	GlobalSection(SolutionConfigurationPlatforms) = preSolution
		Debug|Any CPU = Debug|Any CPU
		Release|Any CPU = Release|Any CPU
	EndGlobalSection
	GlobalSection(ProjectConfigurationPlatforms) = postSolution
		{5618CAE0-DDC1-42F8-A6D7-8DF2AF4D8412}.Debug|Any CPU.ActiveCfg = Debug|Any CPU
		{5618CAE0-DDC1-42F8-A6D7-8DF2AF4D8412}.Debug|Any CPU.Build.0 = Debug|Any CPU
		{5618CAE0-DDC1-42F8-A6D7-8DF2AF4D8412}.Release|Any CPU.ActiveCfg = Release|Any CPU
		{5618CAE0-DDC1-42F8-A6D7-8DF2AF4D8412}.Release|Any CPU.Build.0 = Release|Any CPU
		{97508711-5854-4DF7-BACF-CD4FAE938992}.Debug|Any CPU.ActiveCfg = Debug|Any CPU
		{97508711-5854-4DF7-BACF-CD4FAE938992}.Debug|Any CPU.Build.0 = Debug|Any CPU
		{97508711-5854-4DF7-BACF-CD4FAE938992}.Debug|Any CPU.Deploy.0 = Debug|Any CPU
		{97508711-5854-4DF7-BACF-CD4FAE938992}.Release|Any CPU.ActiveCfg = Release|Any CPU
		{97508711-5854-4DF7-BACF-CD4FAE938992}.Release|Any CPU.Build.0 = Release|Any CPU
		{97508711-5854-4DF7-BACF-CD4FAE938992}.Release|Any CPU.Deploy.0 = Release|Any CPU
	EndGlobalSection
	GlobalSection(SolutionProperties) = preSolution
		HideSolutionNode = FALSE
	EndGlobalSection
	GlobalSection(ExtensibilityGlobals) = postSolution
		SolutionGuid = {E6F3551C-B0D9-4220-82B4-F1761C505CE0}
	EndGlobalSection
EndGlobal
